
Microsoft Visual Studio Solution File, Format Version 12.00
# Visual Studio Version 16
VisualStudioVersion = 16.0.29123.88
MinimumVisualStudioVersion = 10.0.40219.1
Project("{FAE04EC0-301F-11D3-BF4B-00C04F79EFBC}") = "eBusiness", "eBusiness.csproj", "{02DD9E82-A2F8-4EAE-B6F1-44DD27409712}"
EndProject
Global
	GlobalSection(SolutionConfigurationPlatforms) = preSolution
		Debug|Any CPU = Debug|Any CPU
		Release|Any CPU = Release|Any CPU
	EndGlobalSection
	GlobalSection(ProjectConfigurationPlatforms) = postSolution
		{02DD9E82-A2F8-4EAE-B6F1-44DD27409712}.Debug|Any CPU.ActiveCfg = Debug|Any CPU
		{02DD9E82-A2F8-4EAE-B6F1-44DD27409712}.Debug|Any CPU.Build.0 = Debug|Any CPU
		{02DD9E82-A2F8-4EAE-B6F1-44DD27409712}.Release|Any CPU.ActiveCfg = Release|Any CPU
		{02DD9E82-A2F8-4EAE-B6F1-44DD27409712}.Release|Any CPU.Build.0 = Release|Any CPU
	EndGlobalSection
	GlobalSection(SolutionProperties) = preSolution
		HideSolutionNode = FALSE
	EndGlobalSection
	GlobalSection(ExtensibilityGlobals) = postSolution
		SolutionGuid = {1C079F09-F5B2-4E8F-B6B3-01A364676E83}
	EndGlobalSection
EndGlobal
